
Microsoft Visual Studio Solution File, Format Version 12.00
# Visual Studio Version 17
VisualStudioVersion = 17.9.34607.119
MinimumVisualStudioVersion = 10.0.40219.1
Project("{FAE04EC0-301F-11D3-BF4B-00C04F79EFBC}") = "Students", "Lab16\Students.csproj", "{CDAA2C0C-F595-47C3-A67C-C94375B5C0D0}"
EndProject
Project("{FAE04EC0-301F-11D3-BF4B-00C04F79EFBC}") = "Vehicle", "Vehicle\Vehicle.csproj", "{A83CB128-7572-43A2-A7CC-AA544D59E657}"
EndProject
Global
	GlobalSection(SolutionConfigurationPlatforms) = preSolution
		Debug|Any CPU = Debug|Any CPU
		Release|Any CPU = Release|Any CPU
	EndGlobalSection
	GlobalSection(ProjectConfigurationPlatforms) = postSolution
		{CDAA2C0C-F595-47C3-A67C-C94375B5C0D0}.Debug|Any CPU.ActiveCfg = Debug|Any CPU
		{CDAA2C0C-F595-47C3-A67C-C94375B5C0D0}.Debug|Any CPU.Build.0 = Debug|Any CPU
		{CDAA2C0C-F595-47C3-A67C-C94375B5C0D0}.Release|Any CPU.ActiveCfg = Release|Any CPU
		{CDAA2C0C-F595-47C3-A67C-C94375B5C0D0}.Release|Any CPU.Build.0 = Release|Any CPU
		{A83CB128-7572-43A2-A7CC-AA544D59E657}.Debug|Any CPU.ActiveCfg = Debug|Any CPU
		{A83CB128-7572-43A2-A7CC-AA544D59E657}.Debug|Any CPU.Build.0 = Debug|Any CPU
		{A83CB128-7572-43A2-A7CC-AA544D59E657}.Release|Any CPU.ActiveCfg = Release|Any CPU
		{A83CB128-7572-43A2-A7CC-AA544D59E657}.Release|Any CPU.Build.0 = Release|Any CPU
	EndGlobalSection
	GlobalSection(SolutionProperties) = preSolution
		HideSolutionNode = FALSE
	EndGlobalSection
	GlobalSection(ExtensibilityGlobals) = postSolution
		SolutionGuid = {C639913F-D974-4EEA-A063-4E59E33ADE37}
	EndGlobalSection
EndGlobal
